// !$*UTF8*$!
{
	archiveVersion = 1;
	classes = {
	};
	objectVersion = 55;
	objects = {

/* Begin PBXBuildFile section */
		777B3D77281E80B800AAD21C /* HeaderView.swift in Sources */ = {isa = PBXBuildFile; fileRef = 777B3D76281E80B800AAD21C /* HeaderView.swift */; };
		777B3D79281E882A00AAD21C /* FeaturedCollectionViewCell.swift in Sources */ = {isa = PBXBuildFile; fileRef = 777B3D78281E882A00AAD21C /* FeaturedCollectionViewCell.swift */; };
		777B3D7B281E885500AAD21C /* FeaturedCollectionViewCell.xib in Resources */ = {isa = PBXBuildFile; fileRef = 777B3D7A281E885500AAD21C /* FeaturedCollectionViewCell.xib */; };
		777B3D85281E97A200AAD21C /* spaghetti.jpeg in Resources */ = {isa = PBXBuildFile; fileRef = 777B3D84281E97A100AAD21C /* spaghetti.jpeg */; };
		777B3D89281EA59400AAD21C /* FavoritesTableViewController.swift in Sources */ = {isa = PBXBuildFile; fileRef = 777B3D88281EA59400AAD21C /* FavoritesTableViewController.swift */; };
		777B3D8B281EA8A800AAD21C /* CategoryCell.swift in Sources */ = {isa = PBXBuildFile; fileRef = 777B3D8A281EA8A800AAD21C /* CategoryCell.swift */; };
		77EBDD20281D3B9B009C4477 /* AppDelegate.swift in Sources */ = {isa = PBXBuildFile; fileRef = 77EBDD1F281D3B9B009C4477 /* AppDelegate.swift */; };
		77EBDD29281D3B9C009C4477 /* Assets.xcassets in Resources */ = {isa = PBXBuildFile; fileRef = 77EBDD28281D3B9C009C4477 /* Assets.xcassets */; };
		77EBDD2C281D3B9C009C4477 /* LaunchScreen.storyboard in Resources */ = {isa = PBXBuildFile; fileRef = 77EBDD2A281D3B9C009C4477 /* LaunchScreen.storyboard */; };
		77EBDD38281D592B009C4477 /* TabBar.storyboard in Resources */ = {isa = PBXBuildFile; fileRef = 77EBDD37281D592B009C4477 /* TabBar.storyboard */; };
		77EBDD96281D944D009C4477 /* HomeTableViewController.swift in Sources */ = {isa = PBXBuildFile; fileRef = 77EBDD95281D944D009C4477 /* HomeTableViewController.swift */; };
		77EBDD98281D9466009C4477 /* CategoriesTableViewController.swift in Sources */ = {isa = PBXBuildFile; fileRef = 77EBDD97281D9466009C4477 /* CategoriesTableViewController.swift */; };
		77EBDD9A281D9480009C4477 /* ProfileViewController.swift in Sources */ = {isa = PBXBuildFile; fileRef = 77EBDD99281D9480009C4477 /* ProfileViewController.swift */; };
		77EBDDA0281D973A009C4477 /* FavoritesTableViewController.storyboard in Resources */ = {isa = PBXBuildFile; fileRef = 77EBDD9F281D973A009C4477 /* FavoritesTableViewController.storyboard */; };
		77EBDDA2281D9771009C4477 /* CategoriesTableViewController.storyboard in Resources */ = {isa = PBXBuildFile; fileRef = 77EBDDA1281D9771009C4477 /* CategoriesTableViewController.storyboard */; };
		77EBDDA4281D97A4009C4477 /* HomeTableViewController.storyboard in Resources */ = {isa = PBXBuildFile; fileRef = 77EBDDA3281D97A4009C4477 /* HomeTableViewController.storyboard */; };
		77EBDDA6281DA109009C4477 /* ProfileViewController.storyboard in Resources */ = {isa = PBXBuildFile; fileRef = 77EBDDA5281DA109009C4477 /* ProfileViewController.storyboard */; };
		77EBDDAA281DB48A009C4477 /* RecipeCell.swift in Sources */ = {isa = PBXBuildFile; fileRef = 77EBDDA8281DB48A009C4477 /* RecipeCell.swift */; };
		77EBDDAD281DB5F1009C4477 /* RecipeCell.xib in Resources */ = {isa = PBXBuildFile; fileRef = 77EBDDAC281DB5F1009C4477 /* RecipeCell.xib */; };
		77EBDDB0281DD3C5009C4477 /* ShadowView.swift in Sources */ = {isa = PBXBuildFile; fileRef = 77EBDDAF281DD3C5009C4477 /* ShadowView.swift */; };
		77EBDDB6281DD8BB009C4477 /* FeatureCell.xib in Resources */ = {isa = PBXBuildFile; fileRef = 77EBDDB5281DD8BB009C4477 /* FeatureCell.xib */; };
		77EBDDB8281DD94F009C4477 /* FeatureCell.swift in Sources */ = {isa = PBXBuildFile; fileRef = 77EBDDB7281DD94F009C4477 /* FeatureCell.swift */; };
		77EBDDC4281DE5B4009C4477 /* HeaderView.xib in Resources */ = {isa = PBXBuildFile; fileRef = 77EBDDC3281DE5B4009C4477 /* HeaderView.xib */; };
/* End PBXBuildFile section */

/* Begin PBXFileReference section */
		777B3D76281E80B800AAD21C /* HeaderView.swift */ = {isa = PBXFileReference; lastKnownFileType = sourcecode.swift; path = HeaderView.swift; sourceTree = "<group>"; };
		777B3D78281E882A00AAD21C /* FeaturedCollectionViewCell.swift */ = {isa = PBXFileReference; lastKnownFileType = sourcecode.swift; path = FeaturedCollectionViewCell.swift; sourceTree = "<group>"; };
		777B3D7A281E885500AAD21C /* FeaturedCollectionViewCell.xib */ = {isa = PBXFileReference; lastKnownFileType = file.xib; path = FeaturedCollectionViewCell.xib; sourceTree = "<group>"; };
		777B3D84281E97A100AAD21C /* spaghetti.jpeg */ = {isa = PBXFileReference; lastKnownFileType = image.jpeg; name = spaghetti.jpeg; path = ../../../../spaghetti.jpeg; sourceTree = "<group>"; };
		777B3D88281EA59400AAD21C /* FavoritesTableViewController.swift */ = {isa = PBXFileReference; lastKnownFileType = sourcecode.swift; path = FavoritesTableViewController.swift; sourceTree = "<group>"; };
		777B3D8A281EA8A800AAD21C /* CategoryCell.swift */ = {isa = PBXFileReference; lastKnownFileType = sourcecode.swift; path = CategoryCell.swift; sourceTree = "<group>"; };
		77EBDD1C281D3B9B009C4477 /* Vamz_Semestralka.app */ = {isa = PBXFileReference; explicitFileType = wrapper.application; includeInIndex = 0; path = Vamz_Semestralka.app; sourceTree = BUILT_PRODUCTS_DIR; };
		77EBDD1F281D3B9B009C4477 /* AppDelegate.swift */ = {isa = PBXFileReference; lastKnownFileType = sourcecode.swift; path = AppDelegate.swift; sourceTree = "<group>"; };
		77EBDD28281D3B9C009C4477 /* Assets.xcassets */ = {isa = PBXFileReference; lastKnownFileType = folder.assetcatalog; path = Assets.xcassets; sourceTree = "<group>"; };
		77EBDD2B281D3B9C009C4477 /* Base */ = {isa = PBXFileReference; lastKnownFileType = file.storyboard; name = Base; path = Base.lproj/LaunchScreen.storyboard; sourceTree = "<group>"; };
		77EBDD2D281D3B9C009C4477 /* Info.plist */ = {isa = PBXFileReference; lastKnownFileType = text.plist.xml; path = Info.plist; sourceTree = "<group>"; };
		77EBDD37281D592B009C4477 /* TabBar.storyboard */ = {isa = PBXFileReference; lastKnownFileType = file.storyboard; path = TabBar.storyboard; sourceTree = "<group>"; };
		77EBDD95281D944D009C4477 /* HomeTableViewController.swift */ = {isa = PBXFileReference; lastKnownFileType = sourcecode.swift; path = HomeTableViewController.swift; sourceTree = "<group>"; };
		77EBDD97281D9466009C4477 /* CategoriesTableViewController.swift */ = {isa = PBXFileReference; lastKnownFileType = sourcecode.swift; path = CategoriesTableViewController.swift; sourceTree = "<group>"; };
		77EBDD99281D9480009C4477 /* ProfileViewController.swift */ = {isa = PBXFileReference; lastKnownFileType = sourcecode.swift; path = ProfileViewController.swift; sourceTree = "<group>"; };
		77EBDD9F281D973A009C4477 /* FavoritesTableViewController.storyboard */ = {isa = PBXFileReference; fileEncoding = 4; lastKnownFileType = file.storyboard; path = FavoritesTableViewController.storyboard; sourceTree = "<group>"; };
		77EBDDA1281D9771009C4477 /* CategoriesTableViewController.storyboard */ = {isa = PBXFileReference; fileEncoding = 4; lastKnownFileType = file.storyboard; name = CategoriesTableViewController.storyboard; path = Vamz_Semestralka/Screens/Tab/CategoriesTableViewController.storyboard; sourceTree = SOURCE_ROOT; };
		77EBDDA3281D97A4009C4477 /* HomeTableViewController.storyboard */ = {isa = PBXFileReference; fileEncoding = 4; lastKnownFileType = file.storyboard; name = HomeTableViewController.storyboard; path = Vamz_Semestralka/Screens/Tab/HomeTableViewController.storyboard; sourceTree = SOURCE_ROOT; };
		77EBDDA5281DA109009C4477 /* ProfileViewController.storyboard */ = {isa = PBXFileReference; fileEncoding = 4; lastKnownFileType = file.storyboard; name = ProfileViewController.storyboard; path = Vamz_Semestralka/Screens/Tab/ProfileViewController.storyboard; sourceTree = SOURCE_ROOT; };
		77EBDDA8281DB48A009C4477 /* RecipeCell.swift */ = {isa = PBXFileReference; lastKnownFileType = sourcecode.swift; path = RecipeCell.swift; sourceTree = "<group>"; };
		77EBDDAC281DB5F1009C4477 /* RecipeCell.xib */ = {isa = PBXFileReference; lastKnownFileType = file.xib; path = RecipeCell.xib; sourceTree = "<group>"; };
		77EBDDAF281DD3C5009C4477 /* ShadowView.swift */ = {isa = PBXFileReference; lastKnownFileType = sourcecode.swift; path = ShadowView.swift; sourceTree = "<group>"; };
		77EBDDB5281DD8BB009C4477 /* FeatureCell.xib */ = {isa = PBXFileReference; lastKnownFileType = file.xib; path = FeatureCell.xib; sourceTree = "<group>"; };
		77EBDDB7281DD94F009C4477 /* FeatureCell.swift */ = {isa = PBXFileReference; lastKnownFileType = sourcecode.swift; path = FeatureCell.swift; sourceTree = "<group>"; };
		77EBDDC3281DE5B4009C4477 /* HeaderView.xib */ = {isa = PBXFileReference; lastKnownFileType = file.xib; path = HeaderView.xib; sourceTree = "<group>"; };
/* End PBXFileReference section */

/* Begin PBXFrameworksBuildPhase section */
		77EBDD19281D3B9B009C4477 /* Frameworks */ = {
			isa = PBXFrameworksBuildPhase;
			buildActionMask = 2147483647;
			files = (
			);
			runOnlyForDeploymentPostprocessing = 0;
		};
/* End PBXFrameworksBuildPhase section */

/* Begin PBXGroup section */
		77EBDD13281D3B9B009C4477 = {
			isa = PBXGroup;
			children = (
				77EBDD1E281D3B9B009C4477 /* Vamz_Semestralka */,
				77EBDD1D281D3B9B009C4477 /* Products */,
			);
			sourceTree = "<group>";
		};
		77EBDD1D281D3B9B009C4477 /* Products */ = {
			isa = PBXGroup;
			children = (
				77EBDD1C281D3B9B009C4477 /* Vamz_Semestralka.app */,
			);
			name = Products;
			sourceTree = "<group>";
		};
		77EBDD1E281D3B9B009C4477 /* Vamz_Semestralka */ = {
			isa = PBXGroup;
			children = (
				77EBDD1F281D3B9B009C4477 /* AppDelegate.swift */,
				77EBDD36281D3EF1009C4477 /* Model */,
				77EBDD35281D3EDA009C4477 /* Manager */,
				77EBDDA7281DB3EB009C4477 /* Cells */,
				77EBDD34281D3EAE009C4477 /* Screens */,
				77EBDD33281D3E3E009C4477 /* StartFiles */,
			);
			path = Vamz_Semestralka;
			sourceTree = "<group>";
		};
		77EBDD33281D3E3E009C4477 /* StartFiles */ = {
			isa = PBXGroup;
			children = (
				77EBDD28281D3B9C009C4477 /* Assets.xcassets */,
				777B3D84281E97A100AAD21C /* spaghetti.jpeg */,
				77EBDD2A281D3B9C009C4477 /* LaunchScreen.storyboard */,
				77EBDD2D281D3B9C009C4477 /* Info.plist */,
			);
			path = StartFiles;
			sourceTree = "<group>";
		};
		77EBDD34281D3EAE009C4477 /* Screens */ = {
			isa = PBXGroup;
			children = (
				77EBDD4C281D5D58009C4477 /* Home */,
				77EBDD47281D5D06009C4477 /* Categories */,
				77EBDD44281D5BFE009C4477 /* Profile */,
				77EBDD3A281D5A47009C4477 /* Favorites */,
				77EBDD39281D5A2F009C4477 /* Tab */,
				77EBDDAE281DD347009C4477 /* Custom */,
			);
			path = Screens;
			sourceTree = "<group>";
		};
		77EBDD35281D3EDA009C4477 /* Manager */ = {
			isa = PBXGroup;
			children = (
			);
			path = Manager;
			sourceTree = "<group>";
		};
		77EBDD36281D3EF1009C4477 /* Model */ = {
			isa = PBXGroup;
			children = (
			);
			path = Model;
			sourceTree = "<group>";
		};
		77EBDD39281D5A2F009C4477 /* Tab */ = {
			isa = PBXGroup;
			children = (
				77EBDD37281D592B009C4477 /* TabBar.storyboard */,
			);
			path = Tab;
			sourceTree = "<group>";
		};
		77EBDD3A281D5A47009C4477 /* Favorites */ = {
			isa = PBXGroup;
			children = (
				77EBDD9F281D973A009C4477 /* FavoritesTableViewController.storyboard */,
				777B3D88281EA59400AAD21C /* FavoritesTableViewController.swift */,
			);
			path = Favorites;
			sourceTree = "<group>";
		};
		77EBDD44281D5BFE009C4477 /* Profile */ = {
			isa = PBXGroup;
			children = (
				77EBDDA5281DA109009C4477 /* ProfileViewController.storyboard */,
				77EBDD99281D9480009C4477 /* ProfileViewController.swift */,
			);
			path = Profile;
			sourceTree = "<group>";
		};
		77EBDD47281D5D06009C4477 /* Categories */ = {
			isa = PBXGroup;
			children = (
				77EBDDA1281D9771009C4477 /* CategoriesTableViewController.storyboard */,
				77EBDD97281D9466009C4477 /* CategoriesTableViewController.swift */,
				777B3D8A281EA8A800AAD21C /* CategoryCell.swift */,
			);
			path = Categories;
			sourceTree = "<group>";
		};
		77EBDD4C281D5D58009C4477 /* Home */ = {
			isa = PBXGroup;
			children = (
				77EBDDA3281D97A4009C4477 /* HomeTableViewController.storyboard */,
				77EBDD95281D944D009C4477 /* HomeTableViewController.swift */,
			);
			path = Home;
			sourceTree = "<group>";
		};
		77EBDDA7281DB3EB009C4477 /* Cells */ = {
			isa = PBXGroup;
			children = (
				77EBDDC0281DE2D1009C4477 /* Featured */,
				77EBDDBE281DE2AC009C4477 /* Recipe */,
				77EBDDBB281DE275009C4477 /* Header */,
			);
			path = Cells;
			sourceTree = "<group>";
		};
		77EBDDAE281DD347009C4477 /* Custom */ = {
			isa = PBXGroup;
			children = (
				77EBDDAF281DD3C5009C4477 /* ShadowView.swift */,
			);
			path = Custom;
			sourceTree = "<group>";
		};
		77EBDDBB281DE275009C4477 /* Header */ = {
			isa = PBXGroup;
			children = (
				77EBDDC3281DE5B4009C4477 /* HeaderView.xib */,
				777B3D76281E80B800AAD21C /* HeaderView.swift */,
			);
			path = Header;
			sourceTree = "<group>";
		};
		77EBDDBE281DE2AC009C4477 /* Recipe */ = {
			isa = PBXGroup;
			children = (
				77EBDDAC281DB5F1009C4477 /* RecipeCell.xib */,
				77EBDDA8281DB48A009C4477 /* RecipeCell.swift */,
			);
			path = Recipe;
			sourceTree = "<group>";
		};
		77EBDDC0281DE2D1009C4477 /* Featured */ = {
			isa = PBXGroup;
			children = (
				77EBDDB7281DD94F009C4477 /* FeatureCell.swift */,
				77EBDDB5281DD8BB009C4477 /* FeatureCell.xib */,
				777B3D78281E882A00AAD21C /* FeaturedCollectionViewCell.swift */,
				777B3D7A281E885500AAD21C /* FeaturedCollectionViewCell.xib */,
			);
			path = Featured;
			sourceTree = "<group>";
		};
/* End PBXGroup section */

/* Begin PBXNativeTarget section */
		77EBDD1B281D3B9B009C4477 /* Vamz_Semestralka */ = {
			isa = PBXNativeTarget;
			buildConfigurationList = 77EBDD30281D3B9C009C4477 /* Build configuration list for PBXNativeTarget "Vamz_Semestralka" */;
			buildPhases = (
				77EBDD18281D3B9B009C4477 /* Sources */,
				77EBDD19281D3B9B009C4477 /* Frameworks */,
				77EBDD1A281D3B9B009C4477 /* Resources */,
			);
			buildRules = (
			);
			dependencies = (
			);
			name = Vamz_Semestralka;
			productName = Vamz_Semestralka;
			productReference = 77EBDD1C281D3B9B009C4477 /* Vamz_Semestralka.app */;
			productType = "com.apple.product-type.application";
		};
/* End PBXNativeTarget section */

/* Begin PBXProject section */
		77EBDD14281D3B9B009C4477 /* Project object */ = {
			isa = PBXProject;
			attributes = {
				BuildIndependentTargetsInParallel = 1;
				LastSwiftUpdateCheck = 1320;
				LastUpgradeCheck = 1320;
				TargetAttributes = {
					77EBDD1B281D3B9B009C4477 = {
						CreatedOnToolsVersion = 13.2.1;
					};
				};
			};
			buildConfigurationList = 77EBDD17281D3B9B009C4477 /* Build configuration list for PBXProject "Vamz_Semestralka" */;
			compatibilityVersion = "Xcode 13.0";
			developmentRegion = en;
			hasScannedForEncodings = 0;
			knownRegions = (
				en,
				Base,
			);
			mainGroup = 77EBDD13281D3B9B009C4477;
			productRefGroup = 77EBDD1D281D3B9B009C4477 /* Products */;
			projectDirPath = "";
			projectRoot = "";
			targets = (
				77EBDD1B281D3B9B009C4477 /* Vamz_Semestralka */,
			);
		};
/* End PBXProject section */

/* Begin PBXResourcesBuildPhase section */
		77EBDD1A281D3B9B009C4477 /* Resources */ = {
			isa = PBXResourcesBuildPhase;
			buildActionMask = 2147483647;
			files = (
				77EBDD2C281D3B9C009C4477 /* LaunchScreen.storyboard in Resources */,
				77EBDDC4281DE5B4009C4477 /* HeaderView.xib in Resources */,
				77EBDDA6281DA109009C4477 /* ProfileViewController.storyboard in Resources */,
				77EBDD38281D592B009C4477 /* TabBar.storyboard in Resources */,
				77EBDDA0281D973A009C4477 /* FavoritesTableViewController.storyboard in Resources */,
				77EBDDA2281D9771009C4477 /* CategoriesTableViewController.storyboard in Resources */,
				77EBDD29281D3B9C009C4477 /* Assets.xcassets in Resources */,
				777B3D7B281E885500AAD21C /* FeaturedCollectionViewCell.xib in Resources */,
				77EBDDA4281D97A4009C4477 /* HomeTableViewController.storyboard in Resources */,
				77EBDDAD281DB5F1009C4477 /* RecipeCell.xib in Resources */,
				77EBDDB6281DD8BB009C4477 /* FeatureCell.xib in Resources */,
				777B3D85281E97A200AAD21C /* spaghetti.jpeg in Resources */,
			);
			runOnlyForDeploymentPostprocessing = 0;
		};
/* End PBXResourcesBuildPhase section */

/* Begin PBXSourcesBuildPhase section */
		77EBDD18281D3B9B009C4477 /* Sources */ = {
			isa = PBXSourcesBuildPhase;
			buildActionMask = 2147483647;
			files = (
				77EBDDB8281DD94F009C4477 /* FeatureCell.swift in Sources */,
				777B3D77281E80B800AAD21C /* HeaderView.swift in Sources */,
				777B3D79281E882A00AAD21C /* FeaturedCollectionViewCell.swift in Sources */,
				777B3D89281EA59400AAD21C /* FavoritesTableViewController.swift in Sources */,
				77EBDD98281D9466009C4477 /* CategoriesTableViewController.swift in Sources */,
				77EBDD96281D944D009C4477 /* HomeTableViewController.swift in Sources */,
				77EBDD20281D3B9B009C4477 /* AppDelegate.swift in Sources */,
				77EBDDAA281DB48A009C4477 /* RecipeCell.swift in Sources */,
				77EBDD9A281D9480009C4477 /* ProfileViewController.swift in Sources */,
				77EBDDB0281DD3C5009C4477 /* ShadowView.swift in Sources */,
				777B3D8B281EA8A800AAD21C /* CategoryCell.swift in Sources */,
			);
			runOnlyForDeploymentPostprocessing = 0;
		};
/* End PBXSourcesBuildPhase section */

/* Begin PBXVariantGroup section */
		77EBDD2A281D3B9C009C4477 /* LaunchScreen.storyboard */ = {
			isa = PBXVariantGroup;
			children = (
				77EBDD2B281D3B9C009C4477 /* Base */,
			);
			name = LaunchScreen.storyboard;
			sourceTree = "<group>";
		};
/* End PBXVariantGroup section */

/* Begin XCBuildConfiguration section */
		77EBDD2E281D3B9C009C4477 /* Debug */ = {
			isa = XCBuildConfiguration;
			buildSettings = {
				ALWAYS_SEARCH_USER_PATHS = NO;
				CLANG_ANALYZER_NONNULL = YES;
				CLANG_ANALYZER_NUMBER_OBJECT_CONVERSION = YES_AGGRESSIVE;
				CLANG_CXX_LANGUAGE_STANDARD = "gnu++17";
				CLANG_CXX_LIBRARY = "libc++";
				CLANG_ENABLE_MODULES = YES;
				CLANG_ENABLE_OBJC_ARC = YES;
				CLANG_ENABLE_OBJC_WEAK = YES;
				CLANG_WARN_BLOCK_CAPTURE_AUTORELEASING = YES;
				CLANG_WARN_BOOL_CONVERSION = YES;
				CLANG_WARN_COMMA = YES;
				CLANG_WARN_CONSTANT_CONVERSION = YES;
				CLANG_WARN_DEPRECATED_OBJC_IMPLEMENTATIONS = YES;
				CLANG_WARN_DIRECT_OBJC_ISA_USAGE = YES_ERROR;
				CLANG_WARN_DOCUMENTATION_COMMENTS = YES;
				CLANG_WARN_EMPTY_BODY = YES;
				CLANG_WARN_ENUM_CONVERSION = YES;
				CLANG_WARN_INFINITE_RECURSION = YES;
				CLANG_WARN_INT_CONVERSION = YES;
				CLANG_WARN_NON_LITERAL_NULL_CONVERSION = YES;
				CLANG_WARN_OBJC_IMPLICIT_RETAIN_SELF = YES;
				CLANG_WARN_OBJC_LITERAL_CONVERSION = YES;
				CLANG_WARN_OBJC_ROOT_CLASS = YES_ERROR;
				CLANG_WARN_QUOTED_INCLUDE_IN_FRAMEWORK_HEADER = YES;
				CLANG_WARN_RANGE_LOOP_ANALYSIS = YES;
				CLANG_WARN_STRICT_PROTOTYPES = YES;
				CLANG_WARN_SUSPICIOUS_MOVE = YES;
				CLANG_WARN_UNGUARDED_AVAILABILITY = YES_AGGRESSIVE;
				CLANG_WARN_UNREACHABLE_CODE = YES;
				CLANG_WARN__DUPLICATE_METHOD_MATCH = YES;
				COPY_PHASE_STRIP = NO;
				DEBUG_INFORMATION_FORMAT = dwarf;
				ENABLE_STRICT_OBJC_MSGSEND = YES;
				ENABLE_TESTABILITY = YES;
				GCC_C_LANGUAGE_STANDARD = gnu11;
				GCC_DYNAMIC_NO_PIC = NO;
				GCC_NO_COMMON_BLOCKS = YES;
				GCC_OPTIMIZATION_LEVEL = 0;
				GCC_PREPROCESSOR_DEFINITIONS = (
					"DEBUG=1",
					"$(inherited)",
				);
				GCC_WARN_64_TO_32_BIT_CONVERSION = YES;
				GCC_WARN_ABOUT_RETURN_TYPE = YES_ERROR;
				GCC_WARN_UNDECLARED_SELECTOR = YES;
				GCC_WARN_UNINITIALIZED_AUTOS = YES_AGGRESSIVE;
				GCC_WARN_UNUSED_FUNCTION = YES;
				GCC_WARN_UNUSED_VARIABLE = YES;
				IPHONEOS_DEPLOYMENT_TARGET = 15.2;
				MTL_ENABLE_DEBUG_INFO = INCLUDE_SOURCE;
				MTL_FAST_MATH = YES;
				ONLY_ACTIVE_ARCH = YES;
				SDKROOT = iphoneos;
				SWIFT_ACTIVE_COMPILATION_CONDITIONS = DEBUG;
				SWIFT_OPTIMIZATION_LEVEL = "-Onone";
			};
			name = Debug;
		};
		77EBDD2F281D3B9C009C4477 /* Release */ = {
			isa = XCBuildConfiguration;
			buildSettings = {
				ALWAYS_SEARCH_USER_PATHS = NO;
				CLANG_ANALYZER_NONNULL = YES;
				CLANG_ANALYZER_NUMBER_OBJECT_CONVERSION = YES_AGGRESSIVE;
				CLANG_CXX_LANGUAGE_STANDARD = "gnu++17";
				CLANG_CXX_LIBRARY = "libc++";
				CLANG_ENABLE_MODULES = YES;
				CLANG_ENABLE_OBJC_ARC = YES;
				CLANG_ENABLE_OBJC_WEAK = YES;
				CLANG_WARN_BLOCK_CAPTURE_AUTORELEASING = YES;
				CLANG_WARN_BOOL_CONVERSION = YES;
				CLANG_WARN_COMMA = YES;
				CLANG_WARN_CONSTANT_CONVERSION = YES;
				CLANG_WARN_DEPRECATED_OBJC_IMPLEMENTATIONS = YES;
				CLANG_WARN_DIRECT_OBJC_ISA_USAGE = YES_ERROR;
				CLANG_WARN_DOCUMENTATION_COMMENTS = YES;
				CLANG_WARN_EMPTY_BODY = YES;
				CLANG_WARN_ENUM_CONVERSION = YES;
				CLANG_WARN_INFINITE_RECURSION = YES;
				CLANG_WARN_INT_CONVERSION = YES;
				CLANG_WARN_NON_LITERAL_NULL_CONVERSION = YES;
				CLANG_WARN_OBJC_IMPLICIT_RETAIN_SELF = YES;
				CLANG_WARN_OBJC_LITERAL_CONVERSION = YES;
				CLANG_WARN_OBJC_ROOT_CLASS = YES_ERROR;
				CLANG_WARN_QUOTED_INCLUDE_IN_FRAMEWORK_HEADER = YES;
				CLANG_WARN_RANGE_LOOP_ANALYSIS = YES;
				CLANG_WARN_STRICT_PROTOTYPES = YES;
				CLANG_WARN_SUSPICIOUS_MOVE = YES;
				CLANG_WARN_UNGUARDED_AVAILABILITY = YES_AGGRESSIVE;
				CLANG_WARN_UNREACHABLE_CODE = YES;
				CLANG_WARN__DUPLICATE_METHOD_MATCH = YES;
				COPY_PHASE_STRIP = NO;
				DEBUG_INFORMATION_FORMAT = "dwarf-with-dsym";
				ENABLE_NS_ASSERTIONS = NO;
				ENABLE_STRICT_OBJC_MSGSEND = YES;
				GCC_C_LANGUAGE_STANDARD = gnu11;
				GCC_NO_COMMON_BLOCKS = YES;
				GCC_WARN_64_TO_32_BIT_CONVERSION = YES;
				GCC_WARN_ABOUT_RETURN_TYPE = YES_ERROR;
				GCC_WARN_UNDECLARED_SELECTOR = YES;
				GCC_WARN_UNINITIALIZED_AUTOS = YES_AGGRESSIVE;
				GCC_WARN_UNUSED_FUNCTION = YES;
				GCC_WARN_UNUSED_VARIABLE = YES;
				IPHONEOS_DEPLOYMENT_TARGET = 15.2;
				MTL_ENABLE_DEBUG_INFO = NO;
				MTL_FAST_MATH = YES;
				SDKROOT = iphoneos;
				SWIFT_COMPILATION_MODE = wholemodule;
				SWIFT_OPTIMIZATION_LEVEL = "-O";
				VALIDATE_PRODUCT = YES;
			};
			name = Release;
		};
		77EBDD31281D3B9C009C4477 /* Debug */ = {
			isa = XCBuildConfiguration;
			buildSettings = {
				ASSETCATALOG_COMPILER_APPICON_NAME = AppIcon;
				ASSETCATALOG_COMPILER_GLOBAL_ACCENT_COLOR_NAME = AccentColor;
				CODE_SIGN_STYLE = Automatic;
				CURRENT_PROJECT_VERSION = 1;
				DEVELOPMENT_TEAM = 9LAA96ZSR4;
				GENERATE_INFOPLIST_FILE = YES;
				INFOPLIST_FILE = Vamz_Semestralka/StartFiles/Info.plist;
				INFOPLIST_KEY_UIApplicationSupportsIndirectInputEvents = YES;
				INFOPLIST_KEY_UILaunchStoryboardName = LaunchScreen;
				INFOPLIST_KEY_UIMainStoryboardFile = TabBar;
				INFOPLIST_KEY_UISupportedInterfaceOrientations = "UIInterfaceOrientationPortraitUpsideDown UIInterfaceOrientationLandscapeRight UIInterfaceOrientationLandscapeLeft UIInterfaceOrientationPortrait";
				INFOPLIST_KEY_UISupportedInterfaceOrientations_iPad = "UIInterfaceOrientationPortrait UIInterfaceOrientationPortraitUpsideDown UIInterfaceOrientationLandscapeLeft UIInterfaceOrientationLandscapeRight";
				INFOPLIST_KEY_UISupportedInterfaceOrientations_iPhone = "UIInterfaceOrientationPortrait UIInterfaceOrientationLandscapeLeft UIInterfaceOrientationLandscapeRight";
				LD_RUNPATH_SEARCH_PATHS = (
					"$(inherited)",
					"@executable_path/Frameworks",
				);
				MARKETING_VERSION = 1.0;
				PRODUCT_BUNDLE_IDENTIFIER = "krajci.Vamz-Semestralka";
				PRODUCT_NAME = "$(TARGET_NAME)";
				SWIFT_EMIT_LOC_STRINGS = YES;
				SWIFT_VERSION = 5.0;
				TARGETED_DEVICE_FAMILY = "1,2";
			};
			name = Debug;
		};
		77EBDD32281D3B9C009C4477 /* Release */ = {
			isa = XCBuildConfiguration;
			buildSettings = {
				ASSETCATALOG_COMPILER_APPICON_NAME = AppIcon;
				ASSETCATALOG_COMPILER_GLOBAL_ACCENT_COLOR_NAME = AccentColor;
				CODE_SIGN_STYLE = Automatic;
				CURRENT_PROJECT_VERSION = 1;
				DEVELOPMENT_TEAM = 9LAA96ZSR4;
				GENERATE_INFOPLIST_FILE = YES;
				INFOPLIST_FILE = Vamz_Semestralka/StartFiles/Info.plist;
				INFOPLIST_KEY_UIApplicationSupportsIndirectInputEvents = YES;
				INFOPLIST_KEY_UILaunchStoryboardName = LaunchScreen;
				INFOPLIST_KEY_UIMainStoryboardFile = TabBar;
				INFOPLIST_KEY_UISupportedInterfaceOrientations = "UIInterfaceOrientationPortraitUpsideDown UIInterfaceOrientationLandscapeRight UIInterfaceOrientationLandscapeLeft UIInterfaceOrientationPortrait";
				INFOPLIST_KEY_UISupportedInterfaceOrientations_iPad = "UIInterfaceOrientationPortrait UIInterfaceOrientationPortraitUpsideDown UIInterfaceOrientationLandscapeLeft UIInterfaceOrientationLandscapeRight";
				INFOPLIST_KEY_UISupportedInterfaceOrientations_iPhone = "UIInterfaceOrientationPortrait UIInterfaceOrientationLandscapeLeft UIInterfaceOrientationLandscapeRight";
				LD_RUNPATH_SEARCH_PATHS = (
					"$(inherited)",
					"@executable_path/Frameworks",
				);
				MARKETING_VERSION = 1.0;
				PRODUCT_BUNDLE_IDENTIFIER = "krajci.Vamz-Semestralka";
				PRODUCT_NAME = "$(TARGET_NAME)";
				SWIFT_EMIT_LOC_STRINGS = YES;
				SWIFT_VERSION = 5.0;
				TARGETED_DEVICE_FAMILY = "1,2";
			};
			name = Release;
		};
/* End XCBuildConfiguration section */

/* Begin XCConfigurationList section */
		77EBDD17281D3B9B009C4477 /* Build configuration list for PBXProject "Vamz_Semestralka" */ = {
			isa = XCConfigurationList;
			buildConfigurations = (
				77EBDD2E281D3B9C009C4477 /* Debug */,
				77EBDD2F281D3B9C009C4477 /* Release */,
			);
			defaultConfigurationIsVisible = 0;
			defaultConfigurationName = Release;
		};
		77EBDD30281D3B9C009C4477 /* Build configuration list for PBXNativeTarget "Vamz_Semestralka" */ = {
			isa = XCConfigurationList;
			buildConfigurations = (
				77EBDD31281D3B9C009C4477 /* Debug */,
				77EBDD32281D3B9C009C4477 /* Release */,
			);
			defaultConfigurationIsVisible = 0;
			defaultConfigurationName = Release;
		};
/* End XCConfigurationList section */
	};
	rootObject = 77EBDD14281D3B9B009C4477 /* Project object */;
}
